
Microsoft Visual Studio Solution File, Format Version 12.00
# Visual Studio Version 16
VisualStudioVersion = 16.0.30523.141
MinimumVisualStudioVersion = 10.0.40219.1
Project("{FAE04EC0-301F-11D3-BF4B-00C04F79EFBC}") = "Editor App", "Editor App.csproj", "{831C9356-88EF-449E-BFE0-B9931A9F5251}"
EndProject
Global
	GlobalSection(SolutionConfigurationPlatforms) = preSolution
		Debug|Any CPU = Debug|Any CPU
		Release|Any CPU = Release|Any CPU
	EndGlobalSection
	GlobalSection(ProjectConfigurationPlatforms) = postSolution
		{831C9356-88EF-449E-BFE0-B9931A9F5251}.Debug|Any CPU.ActiveCfg = Debug|Any CPU
		{831C9356-88EF-449E-BFE0-B9931A9F5251}.Debug|Any CPU.Build.0 = Debug|Any CPU
		{831C9356-88EF-449E-BFE0-B9931A9F5251}.Release|Any CPU.ActiveCfg = Release|Any CPU
		{831C9356-88EF-449E-BFE0-B9931A9F5251}.Release|Any CPU.Build.0 = Release|Any CPU
	EndGlobalSection
	GlobalSection(SolutionProperties) = preSolution
		HideSolutionNode = FALSE
	EndGlobalSection
	GlobalSection(ExtensibilityGlobals) = postSolution
		SolutionGuid = {48655191-956B-4313-B38F-744ED0913014}
	EndGlobalSection
EndGlobal
